cookbook 'stack', :path => '/Users/indieisaconcept/Sites/projects/news/vcs/git/vagrant-stack/vagrant/chef/vendor/local/cookbooks/stack'
cookbook 'oh_my_zsh', :path => '/Users/indieisaconcept/Sites/projects/news/vcs/git/vagrant-stack/vagrant/chef/vendor/local/cookbooks/oh_my_zsh'
cookbook 'ant', :path => '/Users/indieisaconcept/Sites/projects/news/vcs/git/vagrant-stack/vagrant/chef/vendor/local/cookbooks/ant'
cookbook 'apt', :locked_version => '1.7.0'
cookbook 'git', :locked_version => '2.5.2'
cookbook 'subversion', :locked_version => '1.0.2'
cookbook 'build-essential', :locked_version => '1.4.0'
cookbook 'nodejs', :locked_version => '1.1.2'
cookbook 'java', :locked_version => '1.12.0'
cookbook 'windows', :locked_version => '1.10.0'
cookbook 'chef_handler', :locked_version => '1.1.4'
cookbook 'dmg', :locked_version => '1.1.0'
cookbook 'yum', :locked_version => '2.3.0'
cookbook 'runit', :locked_version => '1.1.6'
cookbook 'apache2', :locked_version => '1.6.6'